
Microsoft Visual Studio Solution File, Format Version 12.00
# Visual Studio Version 17
VisualStudioVersion = 17.0.31903.59
MinimumVisualStudioVersion = 10.0.40219.1
Project("{2150E333-8FDC-42A3-9474-1A3956D46DE8}") = "src", "src", "{827E0CD3-B72D-47B6-A68D-7590B98EB39B}"
EndProject
Project("{2150E333-8FDC-42A3-9474-1A3956D46DE8}") = "BuildingBlocks", "BuildingBlocks", "{90298CBA-BD6F-3A0A-69D5-97CAD7B05E7E}"
EndProject
Project("{FAE04EC0-301F-11D3-BF4B-00C04F79EFBC}") = "YEBS.BuildingBlocks", "src\BuildingBlocks\YEBS.BuildingBlocks.csproj", "{05C2D96B-5C41-4AC6-B14C-AC0957FB9251}"
EndProject
Project("{2150E333-8FDC-42A3-9474-1A3956D46DE8}") = "AuthServer", "AuthServer", "{C816F7B1-8829-8245-809E-59163F1DF2AB}"
EndProject
Project("{FAE04EC0-301F-11D3-BF4B-00C04F79EFBC}") = "YEBS.AuthServer", "src\AuthServer\YEBS.AuthServer.csproj", "{3323DD47-5729-43DA-92EB-940A9084A046}"
EndProject
Project("{2150E333-8FDC-42A3-9474-1A3956D46DE8}") = "App", "App", "{547E75E0-49BC-27F6-65D6-DF25CFFB661A}"
EndProject
Project("{FAE04EC0-301F-11D3-BF4B-00C04F79EFBC}") = "YEBS.App", "src\App\YEBS.App.csproj", "{6BA91047-D2DB-4437-B208-3A1114319650}"
EndProject
Global
	GlobalSection(SolutionConfigurationPlatforms) = preSolution
		Debug|Any CPU = Debug|Any CPU
		Debug|x64 = Debug|x64
		Debug|x86 = Debug|x86
		Release|Any CPU = Release|Any CPU
		Release|x64 = Release|x64
		Release|x86 = Release|x86
	EndGlobalSection
	GlobalSection(ProjectConfigurationPlatforms) = postSolution
		{05C2D96B-5C41-4AC6-B14C-AC0957FB9251}.Debug|Any CPU.ActiveCfg = Debug|Any CPU
		{05C2D96B-5C41-4AC6-B14C-AC0957FB9251}.Debug|Any CPU.Build.0 = Debug|Any CPU
		{05C2D96B-5C41-4AC6-B14C-AC0957FB9251}.Debug|x64.ActiveCfg = Debug|Any CPU
		{05C2D96B-5C41-4AC6-B14C-AC0957FB9251}.Debug|x64.Build.0 = Debug|Any CPU
		{05C2D96B-5C41-4AC6-B14C-AC0957FB9251}.Debug|x86.ActiveCfg = Debug|Any CPU
		{05C2D96B-5C41-4AC6-B14C-AC0957FB9251}.Debug|x86.Build.0 = Debug|Any CPU
		{05C2D96B-5C41-4AC6-B14C-AC0957FB9251}.Release|Any CPU.ActiveCfg = Release|Any CPU
		{05C2D96B-5C41-4AC6-B14C-AC0957FB9251}.Release|Any CPU.Build.0 = Release|Any CPU
		{05C2D96B-5C41-4AC6-B14C-AC0957FB9251}.Release|x64.ActiveCfg = Release|Any CPU
		{05C2D96B-5C41-4AC6-B14C-AC0957FB9251}.Release|x64.Build.0 = Release|Any CPU
		{05C2D96B-5C41-4AC6-B14C-AC0957FB9251}.Release|x86.ActiveCfg = Release|Any CPU
		{05C2D96B-5C41-4AC6-B14C-AC0957FB9251}.Release|x86.Build.0 = Release|Any CPU
		{3323DD47-5729-43DA-92EB-940A9084A046}.Debug|Any CPU.ActiveCfg = Debug|Any CPU
		{3323DD47-5729-43DA-92EB-940A9084A046}.Debug|Any CPU.Build.0 = Debug|Any CPU
		{3323DD47-5729-43DA-92EB-940A9084A046}.Debug|x64.ActiveCfg = Debug|Any CPU
		{3323DD47-5729-43DA-92EB-940A9084A046}.Debug|x64.Build.0 = Debug|Any CPU
		{3323DD47-5729-43DA-92EB-940A9084A046}.Debug|x86.ActiveCfg = Debug|Any CPU
		{3323DD47-5729-43DA-92EB-940A9084A046}.Debug|x86.Build.0 = Debug|Any CPU
		{3323DD47-5729-43DA-92EB-940A9084A046}.Release|Any CPU.ActiveCfg = Release|Any CPU
		{3323DD47-5729-43DA-92EB-940A9084A046}.Release|Any CPU.Build.0 = Release|Any CPU
		{3323DD47-5729-43DA-92EB-940A9084A046}.Release|x64.ActiveCfg = Release|Any CPU
		{3323DD47-5729-43DA-92EB-940A9084A046}.Release|x64.Build.0 = Release|Any CPU
		{3323DD47-5729-43DA-92EB-940A9084A046}.Release|x86.ActiveCfg = Release|Any CPU
		{3323DD47-5729-43DA-92EB-940A9084A046}.Release|x86.Build.0 = Release|Any CPU
		{6BA91047-D2DB-4437-B208-3A1114319650}.Debug|Any CPU.ActiveCfg = Debug|Any CPU
		{6BA91047-D2DB-4437-B208-3A1114319650}.Debug|Any CPU.Build.0 = Debug|Any CPU
		{6BA91047-D2DB-4437-B208-3A1114319650}.Debug|x64.ActiveCfg = Debug|Any CPU
		{6BA91047-D2DB-4437-B208-3A1114319650}.Debug|x64.Build.0 = Debug|Any CPU
		{6BA91047-D2DB-4437-B208-3A1114319650}.Debug|x86.ActiveCfg = Debug|Any CPU
		{6BA91047-D2DB-4437-B208-3A1114319650}.Debug|x86.Build.0 = Debug|Any CPU
		{6BA91047-D2DB-4437-B208-3A1114319650}.Release|Any CPU.ActiveCfg = Release|Any CPU
		{6BA91047-D2DB-4437-B208-3A1114319650}.Release|Any CPU.Build.0 = Release|Any CPU
		{6BA91047-D2DB-4437-B208-3A1114319650}.Release|x64.ActiveCfg = Release|Any CPU
		{6BA91047-D2DB-4437-B208-3A1114319650}.Release|x64.Build.0 = Release|Any CPU
		{6BA91047-D2DB-4437-B208-3A1114319650}.Release|x86.ActiveCfg = Release|Any CPU
		{6BA91047-D2DB-4437-B208-3A1114319650}.Release|x86.Build.0 = Release|Any CPU
	EndGlobalSection
	GlobalSection(SolutionProperties) = preSolution
		HideSolutionNode = FALSE
	EndGlobalSection
	GlobalSection(NestedProjects) = preSolution
		{90298CBA-BD6F-3A0A-69D5-97CAD7B05E7E} = {827E0CD3-B72D-47B6-A68D-7590B98EB39B}
		{05C2D96B-5C41-4AC6-B14C-AC0957FB9251} = {90298CBA-BD6F-3A0A-69D5-97CAD7B05E7E}
		{C816F7B1-8829-8245-809E-59163F1DF2AB} = {827E0CD3-B72D-47B6-A68D-7590B98EB39B}
		{3323DD47-5729-43DA-92EB-940A9084A046} = {C816F7B1-8829-8245-809E-59163F1DF2AB}
		{547E75E0-49BC-27F6-65D6-DF25CFFB661A} = {827E0CD3-B72D-47B6-A68D-7590B98EB39B}
		{6BA91047-D2DB-4437-B208-3A1114319650} = {547E75E0-49BC-27F6-65D6-DF25CFFB661A}
	EndGlobalSection
EndGlobal
